# THIS IS AN AUTOGENERATED FILE. DO NOT EDIT THIS FILE DIRECTLY.
# yarn lockfile v1


"@iml/gui@6.0.12":
  version "6.0.12"
  resolved "https://registry.yarnpkg.com/@iml/gui/-/gui-6.0.12.tgz#e2a14d5f6c1950c0ae420071dc5c916b6aea2f2c"

highland@3.0.0-beta.4:
  version "3.0.0-beta.4"
  resolved "https://registry.yarnpkg.com/highland/-/highland-3.0.0-beta.4.tgz#5afde340609d35dc1046adbb57a7f54f1ee5c38f"

source-map@0.5.6:
  version "0.5.6"
  resolved "https://registry.yarnpkg.com/source-map/-/source-map-0.5.6.tgz#75ce38f52bf0733c5a7f0c118d81334a2bb5f412"
